
Microsoft Visual Studio Solution File, Format Version 12.00
# Visual Studio 14
VisualStudioVersion = 14.0.25420.1
MinimumVisualStudioVersion = 10.0.40219.1
Project("{FAE04EC0-301F-11D3-BF4B-00C04F79EFBC}") = "修改文件名", "修改文件名\修改文件名.csproj", "{B2506093-9421-4DDC-B1E8-839D3E014AAA}"
EndProject
Global
	GlobalSection(SolutionConfigurationPlatforms) = preSolution
		Debug|Any CPU = Debug|Any CPU
		Release|Any CPU = Release|Any CPU
	EndGlobalSection
	GlobalSection(ProjectConfigurationPlatforms) = postSolution
		{B2506093-9421-4DDC-B1E8-839D3E014AAA}.Debug|Any CPU.ActiveCfg = Debug|Any CPU
		{B2506093-9421-4DDC-B1E8-839D3E014AAA}.Debug|Any CPU.Build.0 = Debug|Any CPU
		{B2506093-9421-4DDC-B1E8-839D3E014AAA}.Release|Any CPU.ActiveCfg = Release|Any CPU
		{B2506093-9421-4DDC-B1E8-839D3E014AAA}.Release|Any CPU.Build.0 = Release|Any CPU
	EndGlobalSection
	GlobalSection(SolutionProperties) = preSolution
		HideSolutionNode = FALSE
	EndGlobalSection
EndGlobal
